github.com/tachyne/tachyne-common v0.1.1-0.20260922174322-4f90e9cb0a9c h1:jpQanEYlBJN4TNfX9S3oSg/91YUViTA789E18+G528c=
github.com/tachyne/tachyne-common v0.1.1-0.20260922174322-4f90e9cb0a9c/go.mod h1:0fDSCW2H9ZkF560RmWM3DFEPmW0PCdlvWdmxVVaINXU=
github.com/tachyne/tachyne-common v0.1.1-0.20260923061444-4a4bbef2af14 h1:WpZLTmBkqXyweThvOiKh+ZmofzqyUZdYLnWudQXOlfU=
github.com/tachyne/tachyne-common v0.1.1-0.20260923061444-4a4bbef2af14/go.mod h1:0fDSCW2H9ZkF560RmWM3DFEPmW0PCdlvWdmxVVaINXU=
github.com/tachyne/tachyne-common v0.1.1-0.20260923071433-50376308b13a h1:C34pnZP2jkTrbcnu/My2oAiPlqKQd5ei6osjTQ+agGQ=
github.com/tachyne/tachyne-common v0.1.1-0.20260923071433-50376308b13a/go.mod h1:0fDSCW2H9ZkF560RmWM3DFEPmW0PCdlvWdmxVVaINXU=
github.com/tachyne/tachyne-common v0.1.1-0.20260923083158-e39f76eeb48e h1:XDoqwQsyADFq06Gnvg4xnBiQ3Jo+vxCpFJ/Xki0cWbE=
github.com/tachyne/tachyne-common v0.1.1-0.20260923083158-e39f76eeb48e/go.mod h1:0fDSCW2H9ZkF560RmWM3DFEPmW0PCdlvWdmxVVaINXU=
github.com/tachyne/tachyne-common v0.1.1-0.20260923113417-97c95bb5e83b h1:2bkwXAHt0DMpn9Llr06PspPQ+kuLYWtxcUdgySTleOw=
github.com/tachyne/tachyne-common v0.1.1-0.20260923113417-97c95bb5e83b/go.mod h1:0fDSCW2H9ZkF560RmWM3DFEPmW0PCdlvWdmxVVaINXU=
github.com/tachyne/tachyne-common v0.1.1-0.20260923114818-f01c9804dc89 h1:Ro6eRjTMkZi7+S0A4JjIEF3YUVNmw1c4lYrFSOdjwE0=
github.com/tachyne/tachyne-common v0.1.1-0.20260923114818-f01c9804dc89/go.mod h1:0fDSCW2H9ZkF560RmWM3DFEPmW0PCdlvWdmxVVaINXU=
github.com/tachyne/tachyne-common v0.1.1-0.20260923165357-d45beefa72e0 h1:r/XsZmcWpW6+e0XLwkfKi8BihA7qSR8F6lycgHrmJaU=
github.com/tachyne/tachyne-common v0.1.1-0.20260923165357-d45beefa72e0/go.mod h1:0fDSCW2H9ZkF560RmWM3DFEPmW0PCdlvWdmxVVaINXU=
github.com/tachyne/tachyne-common v0.1.1-0.20260923210312-6704127fcf7b h1:tZC26QcoaIHYMZJ0Q80iB8S6/pZPSchAj3/yTkNu5RQ=
github.com/tachyne/tachyne-common v0.1.1-0.20260923210312-6704127fcf7b/go.mod h1:0fDSCW2H9ZkF560RmWM3DFEPmW0PCdlvWdmxVVaINXU=
github.com/tachyne/tachyne-common v0.1.1-0.20260924053736-b508608e2601 h1:T45aAdYhAyomT606C5LitCJPT3R09a6sikxq4TOzmoM=
github.com/tachyne/tachyne-common v0.1.1-0.20260924053736-b508608e2601/go.mod h1:0fDSCW2H9ZkF560RmWM3DFEPmW0PCdlvWdmxVVaINXU=
github.com/tachyne/tachyne-common v0.1.1-0.20260924063354-ab35ec003234 h1:002PchCtrPIQ+mouHD+XKMCg/mD9XYH32M45jJbswZQ=
github.com/tachyne/tachyne-common v0.1.1-0.20260924063354-ab35ec003234/go.mod h1:0fDSCW2H9ZkF560RmWM3DFEPmW0PCdlvWdmxVVaINXU=
github.com/tachyne/tachyne-common v0.1.1-0.20260924065536-96f8507e9c87 h1:yobVLrGdq3APnOTYn8Do+YQvfb3RRKMoKbVCdIU8pv4=
github.com/tachyne/tachyne-common v0.1.1-0.20260924065536-96f8507e9c87/go.mod h1:0fDSCW2H9ZkF560RmWM3DFEPmW0PCdlvWdmxVVaINXU=
github.com/tachyne/tachyne-common v0.1.1-0.20260924093222-a706ff1688b3 h1:apf0kPsLHJCw7Mk4LU7Rusoj8aADISh+T3/g7xi8ltA=
github.com/tachyne/tachyne-common v0.1.1-0.20260924093222-a706ff1688b3/go.mod h1:0fDSCW2H9ZkF560RmWM3DFEPmW0PCdlvWdmxVVaINXU=
github.com/tachyne/tachyne-common v0.1.1-0.20260924101234-3df24d08343f h1:G0LsS80U3gdRGS/R0+dMTausoPGo6PX5sEZvhAZ7bNM=
github.com/tachyne/tachyne-common v0.1.1-0.20260924101234-3df24d08343f/go.mod h1:0fDSCW2H9ZkF560RmWM3DFEPmW0PCdlvWdmxVVaINXU=
github.com/tachyne/tachyne-common v0.1.1-0.20260924103517-1d66b3512d27 h1:FKDS1ZGmBt4m3iBzht/HGA4nrhfUMV4pVMYm5gRqUvM=
github.com/tachyne/tachyne-common v0.1.1-0.20260924103517-1d66b3512d27/go.mod h1:0fDSCW2H9ZkF560RmWM3DFEPmW0PCdlvWdmxVVaINXU=
github.com/tachyne/tachyne-common v0.1.1-0.20260924133351-df26078af99c h1:XJPuzmy52Aqa3iPy2BBXtv1RAQbNGeN66FP7tcsjiLY=
github.com/tachyne/tachyne-common v0.1.1-0.20260924133351-df26078af99c/go.mod h1:0fDSCW2H9ZkF560RmWM3DFEPmW0PCdlvWdmxVVaINXU=
github.com/tachyne/tachyne-common v0.1.1-0.20260924141349-20d3d7f5ecce h1:pQDP6uiQyv9dRacI+w8JOdIesRd2fe5WTkl+sV+v4A8=
github.com/tachyne/tachyne-common v0.1.1-0.20260924141349-20d3d7f5ecce/go.mod h1:0fDSCW2H9ZkF560RmWM3DFEPmW0PCdlvWdmxVVaINXU=
github.com/tachyne/tachyne-common v0.1.1-0.20260924153146-52393cc99a29 h1:MuRN8aJ5UPhhKmfdeRwQZwAueZ0Jzgnf/Vj/m6mlkpg=
github.com/tachyne/tachyne-common v0.1.1-0.20260924153146-52393cc99a29/go.mod h1:0fDSCW2H9ZkF560RmWM3DFEPmW0PCdlvWdmxVVaINXU=
github.com/tachyne/tachyne-common v0.1.1-0.20260925060840-fc690804a62d h1:1iyyih5oDgUzdosuUqMB7UGFFJnxRsB6vRzfkHRlZWo=
github.com/tachyne/tachyne-common v0.1.1-0.20260925060840-fc690804a62d/go.mod h1:0fDSCW2H9ZkF560RmWM3DFEPmW0PCdlvWdmxVVaINXU=
github.com/tachyne/tachyne-common v0.1.1-0.20260925072702-51492a3aba60 h1:zmG1jefZbPkD9hblaagg2QPt9TLzZbdATB/9KSSpNes=
github.com/tachyne/tachyne-common v0.1.1-0.20260925072702-51492a3aba60/go.mod h1:0fDSCW2H9ZkF560RmWM3DFEPmW0PCdlvWdmxVVaINXU=
github.com/tachyne/tachyne-common v0.1.1-0.20260925090953-56810c62ba24 h1:8LB7/HebAkwKlXTGV3beM0ELjgp1E2psImtM88NHpKw=
github.com/tachyne/tachyne-common v0.1.1-0.20260925090953-56810c62ba24/go.mod h1:0fDSCW2H9ZkF560RmWM3DFEPmW0PCdlvWdmxVVaINXU=
github.com/tachyne/tachyne-common v0.1.1-0.20260925091714-c0bf69dae207 h1:MRxvNTTq09AH4pNGVQvSQi8AeyoA8TZ/3jiTvK+hgQ8=
github.com/tachyne/tachyne-common v0.1.1-0.20260925091714-c0bf69dae207/go.mod h1:0fDSCW2H9ZkF560RmWM3DFEPmW0PCdlvWdmxVVaINXU=
github.com/tachyne/tachyne-common v0.1.1-0.20260925093244-ab27d0a38b11 h1:sAbgjKLefpuujmlPMFjtCKNiYBfRynoZHBtKy+RBIEg=
github.com/tachyne/tachyne-common v0.1.1-0.20260925093244-ab27d0a38b11/go.mod h1:0fDSCW2H9ZkF560RmWM3DFEPmW0PCdlvWdmxVVaINXU=
github.com/tachyne/tachyne-common v0.1.1-0.20260925094448-4912800061ea h1:IaPRIEleHX8xYK88itiejvkGoQ7NNStnqnLv92XhY4k=
github.com/tachyne/tachyne-common v0.1.1-0.20260925094448-4912800061ea/go.mod h1:0fDSCW2H9ZkF560RmWM3DFEPmW0PCdlvWdmxVVaINXU=
github.com/tachyne/tachyne-common v0.1.1-0.20260925095527-308a666f4620 h1:fvmidiGX6mdzdr0yPpqPtXS8HZGCs75V1IMRoNdT+EY=
github.com/tachyne/tachyne-common v0.1.1-0.20260925095527-308a666f4620/go.mod h1:0fDSCW2H9ZkF560RmWM3DFEPmW0PCdlvWdmxVVaINXU=
github.com/tachyne/tachyne-common v0.1.1-0.20260925111134-fa67f4aaaf45 h1:QW/J0sC/X0UNyoNX/NFr2eIcwqhDiVvLzaLeRh5P7ps=
github.com/tachyne/tachyne-common v0.1.1-0.20260925111134-fa67f4aaaf45/go.mod h1:0fDSCW2H9ZkF560RmWM3DFEPmW0PCdlvWdmxVVaINXU=
github.com/tachyne/tachyne-common v0.1.1-0.20260925113445-a526f9a5aa71 h1:tQBXGrajknS1kvq7lIbC7tciOVSEdPp+dbq6YS3e/Zs=
github.com/tachyne/tachyne-common v0.1.1-0.20260925113445-a526f9a5aa71/go.mod h1:0fDSCW2H9ZkF560RmWM3DFEPmW0PCdlvWdmxVVaINXU=
github.com/tachyne/tachyne-common v0.1.1-0.20260925115551-1361e0659228 h1:mOX7J5I/st+3Nwu0Q8Pcye/AY1atarURQSZw99xZ57s=
github.com/tachyne/tachyne-common v0.1.1-0.20260925115551-1361e0659228/go.mod h1:0fDSCW2H9ZkF560RmWM3DFEPmW0PCdlvWdmxVVaINXU=
github.com/tachyne/tachyne-common v0.1.1-0.20260925132541-481a9d8e8661 h1:NXkAcITGJTRthHQb6Td1EQwxbfO357Md66WKxQAqHsI=
github.com/tachyne/tachyne-common v0.1.1-0.20260925132541-481a9d8e8661/go.mod h1:0fDSCW2H9ZkF560RmWM3DFEPmW0PCdlvWdmxVVaINXU=
github.com/tachyne/tachyne-common v0.1.1-0.20260925133335-4f2c01f27216 h1:5Oki1ICsuhGsbBqweSeU/hSnx3IQIRgSfIIPFGl8Tu8=
github.com/tachyne/tachyne-common v0.1.1-0.20260925133335-4f2c01f27216/go.mod h1:0fDSCW2H9ZkF560RmWM3DFEPmW0PCdlvWdmxVVaINXU=
github.com/tachyne/tachyne-common v0.1.1-0.20260925134329-b9f88b83b194 h1:10B/Q/UYJqwkFjx1+JCrQdtNoijh3C+IZdfTNAXDhrY=
github.com/tachyne/tachyne-common v0.1.1-0.20260925134329-b9f88b83b194/go.mod h1:0fDSCW2H9ZkF560RmWM3DFEPmW0PCdlvWdmxVVaINXU=
github.com/tachyne/tachyne-common v0.1.1-0.20260925134811-4cac5a7bfce2 h1:cRby0QDSg0r9UCKn7Ad9X4N70vYfXhpTU1Wwe+h1XRs=
github.com/tachyne/tachyne-common v0.1.1-0.20260925134811-4cac5a7bfce2/go.mod h1:0fDSCW2H9ZkF560RmWM3DFEPmW0PCdlvWdmxVVaINXU=
github.com/tachyne/tachyne-common v0.1.1-0.20260925135657-be5d751c166a h1:51ht1AgV/DF11Km2fgcJ+MbB0qK3VQwP0jWp7xsXjYY=
github.com/tachyne/tachyne-common v0.1.1-0.20260925135657-be5d751c166a/go.mod h1:0fDSCW2H9ZkF560RmWM3DFEPmW0PCdlvWdmxVVaINXU=
github.com/tachyne/tachyne-common v0.1.1-0.20260925135914-add967443863 h1:LggbsHEcNLttfL2DiTD5w4r6sqw/9p6UWOcY7W1NE9k=
github.com/tachyne/tachyne-common v0.1.1-0.20260925135914-add967443863/go.mod h1:0fDSCW2H9ZkF560RmWM3DFEPmW0PCdlvWdmxVVaINXU=
github.com/tachyne/tachyne-common v0.1.1-0.20260925140151-b17e5abe1552 h1:TolSv3X3CnicCf8MiJraExNbWb14A00rDLCQImJ1Yk8=
github.com/tachyne/tachyne-common v0.1.1-0.20260925140151-b17e5abe1552/go.mod h1:0fDSCW2H9ZkF560RmWM3DFEPmW0PCdlvWdmxVVaINXU=
github.com/tachyne/tachyne-common v0.1.1-0.20260925140423-ee5e117eace3 h1:xjL+KqEunIZcRMZe18OfNrEKRjFMNCIWRg0mG/+T7pE=
github.com/tachyne/tachyne-common v0.1.1-0.20260925140423-ee5e117eace3/go.mod h1:0fDSCW2H9ZkF560RmWM3DFEPmW0PCdlvWdmxVVaINXU=
