github.com/tachyne/tachyne-common v0.1.1-0.20260919131225-0ca83e736d6c h1:T7O7jZC4Dy99vbkcByx3dPdw0QziyrYgSWS+UQ3ROW4=
github.com/tachyne/tachyne-common v0.1.1-0.20260919131225-0ca83e736d6c/go.mod h1:0fDSCW2H9ZkF560RmWM3DFEPmW0PCdlvWdmxVVaINXU=
github.com/tachyne/tachyne-common v0.1.1-0.20260920071907-54551d235919 h1:G8bQFKURx+z7qfgcQdBohSlMNDBEbLw9RfO4y85c3JA=
github.com/tachyne/tachyne-common v0.1.1-0.20260920071907-54551d235919/go.mod h1:0fDSCW2H9ZkF560RmWM3DFEPmW0PCdlvWdmxVVaINXU=
github.com/tachyne/tachyne-common v0.1.1-0.20260920114516-560ca532d43c h1:dlNNJwsRRgQMJa7kN1u5QbHAzQP6SW6AhrYeApmi36k=
github.com/tachyne/tachyne-common v0.1.1-0.20260920114516-560ca532d43c/go.mod h1:0fDSCW2H9ZkF560RmWM3DFEPmW0PCdlvWdmxVVaINXU=
github.com/tachyne/tachyne-common v0.1.1-0.20260920123138-2c8dc11598ea h1:VFZxyZjVtMYJfYJEWlvTEBnNfdIoVyBWUMf+7CAw8x4=
github.com/tachyne/tachyne-common v0.1.1-0.20260920123138-2c8dc11598ea/go.mod h1:0fDSCW2H9ZkF560RmWM3DFEPmW0PCdlvWdmxVVaINXU=
github.com/tachyne/tachyne-common v0.1.1-0.20260920130318-951d2f5e931a h1:eYr+K1W4d7UAMaF4hEyZfNDYrGkLmhumQ8dUIpdbKzg=
github.com/tachyne/tachyne-common v0.1.1-0.20260920130318-951d2f5e931a/go.mod h1:0fDSCW2H9ZkF560RmWM3DFEPmW0PCdlvWdmxVVaINXU=
github.com/tachyne/tachyne-common v0.1.1-0.20260920143842-458280e645c0 h1:egdIgn7HIGV4JWD0DTJBjyjQPWCIIYJE9DLQ9/NhnqY=
github.com/tachyne/tachyne-common v0.1.1-0.20260920143842-458280e645c0/go.mod h1:0fDSCW2H9ZkF560RmWM3DFEPmW0PCdlvWdmxVVaINXU=
github.com/tachyne/tachyne-common v0.1.1-0.20260920144212-114d9e6306a2 h1:GNOhnxNQct/uMQ+MMb1oLiXKePp+Bdd0c1Rc4jNA4y0=
github.com/tachyne/tachyne-common v0.1.1-0.20260920144212-114d9e6306a2/go.mod h1:0fDSCW2H9ZkF560RmWM3DFEPmW0PCdlvWdmxVVaINXU=
github.com/tachyne/tachyne-common v0.1.1-0.20260920145612-d3e1da483080 h1:6MIhz/DKXFMbUpmsD1LD0OPSYth1a6SBAIB0cMoKMS4=
github.com/tachyne/tachyne-common v0.1.1-0.20260920145612-d3e1da483080/go.mod h1:0fDSCW2H9ZkF560RmWM3DFEPmW0PCdlvWdmxVVaINXU=
github.com/tachyne/tachyne-common v0.1.1-0.20260920145917-890035b7a450 h1:kMRFfZ07ZL3XobmGBHTUpAtUvx3z2JIBOx7cKg6gahM=
github.com/tachyne/tachyne-common v0.1.1-0.20260920145917-890035b7a450/go.mod h1:0fDSCW2H9ZkF560RmWM3DFEPmW0PCdlvWdmxVVaINXU=
github.com/tachyne/tachyne-common v0.1.1-0.20260920152817-70fac7202514 h1:Y6rHA5NCtm5zuSSbQKt7rhhxZsrjeYUkcpxnjw9XV1A=
github.com/tachyne/tachyne-common v0.1.1-0.20260920152817-70fac7202514/go.mod h1:0fDSCW2H9ZkF560RmWM3DFEPmW0PCdlvWdmxVVaINXU=
github.com/tachyne/tachyne-common v0.1.1-0.20260920153835-7fee170588ac h1:t7BuSnZGlM7OiMUqemLkwCwltTnHjN/4dGbThbK5+SM=
github.com/tachyne/tachyne-common v0.1.1-0.20260920153835-7fee170588ac/go.mod h1:0fDSCW2H9ZkF560RmWM3DFEPmW0PCdlvWdmxVVaINXU=
github.com/tachyne/tachyne-common v0.1.1-0.20260920160222-13b7312e18a2 h1:BNh3rR52105zentZS6t3Jn7OKLtnBvDfa2VHfYd8bG8=
github.com/tachyne/tachyne-common v0.1.1-0.20260920160222-13b7312e18a2/go.mod h1:0fDSCW2H9ZkF560RmWM3DFEPmW0PCdlvWdmxVVaINXU=
github.com/tachyne/tachyne-common v0.1.1-0.20260920161221-2b14e0bb6080 h1:ekiqWT3xiGpmrFQN02yA0NDxARdTblfGFEHCu8AKW5Q=
github.com/tachyne/tachyne-common v0.1.1-0.20260920161221-2b14e0bb6080/go.mod h1:0fDSCW2H9ZkF560RmWM3DFEPmW0PCdlvWdmxVVaINXU=
github.com/tachyne/tachyne-common v0.1.1-0.20260920164945-cac182eed58e h1:oHHE9MYXJ4hga5yRaFwPP00h4PKrJkl8rRE6VFdfGfU=
github.com/tachyne/tachyne-common v0.1.1-0.20260920164945-cac182eed58e/go.mod h1:0fDSCW2H9ZkF560RmWM3DFEPmW0PCdlvWdmxVVaINXU=
github.com/tachyne/tachyne-common v0.1.1-0.20260922123613-90e9a64bba3e h1:fCp4aMMLsbAFBPni8vAISQoUXPARqNyrEyCXBnX5+K8=
github.com/tachyne/tachyne-common v0.1.1-0.20260922123613-90e9a64bba3e/go.mod h1:0fDSCW2H9ZkF560RmWM3DFEPmW0PCdlvWdmxVVaINXU=
