github.com/tachyne/tachyne-common v0.1.1-0.20260710211802-147c5d22a25b h1:E6PmnDXZBWNb8q0WzpUH595nGJzZicjm3FHlIZWBWqQ=
github.com/tachyne/tachyne-common v0.1.1-0.20260710211802-147c5d22a25b/go.mod h1:0fDSCW2H9ZkF560RmWM3DFEPmW0PCdlvWdmxVVaINXU=
github.com/tachyne/tachyne-common v0.1.1-0.20260711103310-cfe38027d649 h1:EENZEaIUBeWAyuoxQxmiZ4kSa2lHAMt3OSxfpCFw8jM=
github.com/tachyne/tachyne-common v0.1.1-0.20260711103310-cfe38027d649/go.mod h1:0fDSCW2H9ZkF560RmWM3DFEPmW0PCdlvWdmxVVaINXU=
github.com/tachyne/tachyne-common v0.1.1-0.20260711112133-a13f45511832 h1:eYsrZxZxfgoDgE1z64R38Tf9dtfMXcy5T2yCRzv8K9U=
github.com/tachyne/tachyne-common v0.1.1-0.20260711112133-a13f45511832/go.mod h1:0fDSCW2H9ZkF560RmWM3DFEPmW0PCdlvWdmxVVaINXU=
github.com/tachyne/tachyne-common v0.1.1-0.20260711122422-36679b166f94 h1:ZAWBvuFcy89W1gPxqV+xGlvtvVqat4FlB/WBltpvnpI=
github.com/tachyne/tachyne-common v0.1.1-0.20260711122422-36679b166f94/go.mod h1:0fDSCW2H9ZkF560RmWM3DFEPmW0PCdlvWdmxVVaINXU=
